// !$*UTF8*$!
{
	archiveVersion = 1;
	classes = {
	};
	objectVersion = 77;
	objects = {

/* Begin PBXBuildFile section */
		39CCAE112D40B0A0004D06E3 /* FirebaseAuth in Frameworks */ = {isa = PBXBuildFile; productRef = 39CCAE102D40B0A0004D06E3 /* FirebaseAuth */; };
		39CCAE132D40B0A0004D06E3 /* FirebaseCore in Frameworks */ = {isa = PBXBuildFile; productRef = 39CCAE122D40B0A0004D06E3 /* FirebaseCore */; };
		39CCAE152D40B0A0004D06E3 /* FirebaseDatabase in Frameworks */ = {isa = PBXBuildFile; productRef = 39CCAE142D40B0A0004D06E3 /* FirebaseDatabase */; };
		39CCAE172D40B0A0004D06E3 /* FirebaseFirestore in Frameworks */ = {isa = PBXBuildFile; productRef = 39CCAE162D40B0A0004D06E3 /* FirebaseFirestore */; };
		39CCAE192D40B0A0004D06E3 /* FirebaseFirestoreCombine-Community in Frameworks */ = {isa = PBXBuildFile; productRef = 39CCAE182D40B0A0004D06E3 /* FirebaseFirestoreCombine-Community */; };
		39CCAE1B2D40B0A0004D06E3 /* FirebaseStorage in Frameworks */ = {isa = PBXBuildFile; productRef = 39CCAE1A2D40B0A0004D06E3 /* FirebaseStorage */; };
/* End PBXBuildFile section */

/* Begin PBXFileReference section */
		3914B50E2CBF7304002F8ECC /* Fit4Life.app */ = {isa = PBXFileReference; explicitFileType = wrapper.application; includeInIndex = 0; path = Fit4Life.app; sourceTree = BUILT_PRODUCTS_DIR; };
		39CCAE052D40AE9B004D06E3 /* Fit4Life.xcodeproj */ = {isa = PBXFileReference; lastKnownFileType = "wrapper.pb-project"; path = Fit4Life.xcodeproj; sourceTree = SOURCE_ROOT; };
/* End PBXFileReference section */

/* Begin PBXFileSystemSynchronizedBuildFileExceptionSet section */
		3914B5292CBF7417002F8ECC /* Exceptions for "Fit4Life" folder in "Fit4Life" target */ = {
			isa = PBXFileSystemSynchronizedBuildFileExceptionSet;
			membershipExceptions = (
				Core/Views/CommunityView.swift,
				Core/Views/GoalDetailView.swift,
				Core/Views/GoalsOverviewView.swift,
				Core/Views/LineChartView.swift,
				ViewModels/AuthViewModel.swift,
				ViewModels/GoalViewModel.swift,
				ViewModels/NutritionViewModel.swift,
			);
			target = 3914B50D2CBF7304002F8ECC /* Fit4Life */;
		};
/* End PBXFileSystemSynchronizedBuildFileExceptionSet section */

/* Begin PBXFileSystemSynchronizedGroupBuildPhaseMembershipExceptionSet section */
		3914B52A2CBF7417002F8ECC /* Exceptions for "Fit4Life" folder in "Copy Bundle Resources" phase from "Fit4Life" target */ = {
			isa = PBXFileSystemSynchronizedGroupBuildPhaseMembershipExceptionSet;
			buildPhase = 3914B50C2CBF7304002F8ECC /* Resources */;
			membershipExceptions = (
				Core/Views/CommunityView.swift,
				Core/Views/GoalDetailView.swift,
				Core/Views/GoalsOverviewView.swift,
				Core/Views/LineChartView.swift,
			);
		};
/* End PBXFileSystemSynchronizedGroupBuildPhaseMembershipExceptionSet section */

/* Begin PBXFileSystemSynchronizedRootGroup section */
		3914B5102CBF7304002F8ECC /* Fit4Life */ = {
			isa = PBXFileSystemSynchronizedRootGroup;
			exceptions = (
				3914B5292CBF7417002F8ECC /* Exceptions for "Fit4Life" folder in "Fit4Life" target */,
				3914B52A2CBF7417002F8ECC /* Exceptions for "Fit4Life" folder in "Copy Bundle Resources" phase from "Fit4Life" target */,
			);
			path = Fit4Life;
			sourceTree = "<group>";
		};
		39CCAE072D40AE9B004D06E3 /* ViewModels */ = {
			isa = PBXFileSystemSynchronizedRootGroup;
			name = ViewModels;
			path = Fit4Life/ViewModels;
			sourceTree = "<group>";
		};
/* End PBXFileSystemSynchronizedRootGroup section */

/* Begin PBXFrameworksBuildPhase section */
		3914B50B2CBF7304002F8ECC /* Frameworks */ = {
			isa = PBXFrameworksBuildPhase;
			buildActionMask = 2147483647;
			files = (
				39CCAE152D40B0A0004D06E3 /* FirebaseDatabase in Frameworks */,
				39CCAE172D40B0A0004D06E3 /* FirebaseFirestore in Frameworks */,
				39CCAE132D40B0A0004D06E3 /* FirebaseCore in Frameworks */,
				39CCAE192D40B0A0004D06E3 /* FirebaseFirestoreCombine-Community in Frameworks */,
				39CCAE112D40B0A0004D06E3 /* FirebaseAuth in Frameworks */,
				39CCAE1B2D40B0A0004D06E3 /* FirebaseStorage in Frameworks */,
			);
			runOnlyForDeploymentPostprocessing = 0;
		};
/* End PBXFrameworksBuildPhase section */

/* Begin PBXGroup section */
		3914B5052CBF7303002F8ECC = {
			isa = PBXGroup;
			children = (
				3914B5102CBF7304002F8ECC /* Fit4Life */,
				3914B50F2CBF7304002F8ECC /* Products */,
				39CCAE052D40AE9B004D06E3 /* Fit4Life.xcodeproj */,
				39CCAE072D40AE9B004D06E3 /* ViewModels */,
			);
			sourceTree = "<group>";
		};
		3914B50F2CBF7304002F8ECC /* Products */ = {
			isa = PBXGroup;
			children = (
				3914B50E2CBF7304002F8ECC /* Fit4Life.app */,
			);
			name = Products;
			sourceTree = "<group>";
		};
		393C79522D41F8C7001E79E3 /* Products */ = {
			isa = PBXGroup;
			name = Products;
			sourceTree = "<group>";
		};
/* End PBXGroup section */

/* Begin PBXNativeTarget section */
		3914B50D2CBF7304002F8ECC /* Fit4Life */ = {
			isa = PBXNativeTarget;
			buildConfigurationList = 3914B51C2CBF7305002F8ECC /* Build configuration list for PBXNativeTarget "Fit4Life" */;
			buildPhases = (
				3914B50A2CBF7304002F8ECC /* Sources */,
				3914B50B2CBF7304002F8ECC /* Frameworks */,
				3914B50C2CBF7304002F8ECC /* Resources */,
			);
			buildRules = (
			);
			dependencies = (
			);
			fileSystemSynchronizedGroups = (
				3914B5102CBF7304002F8ECC /* Fit4Life */,
				39CCAE072D40AE9B004D06E3 /* ViewModels */,
			);
			name = Fit4Life;
			packageProductDependencies = (
				39CCAE102D40B0A0004D06E3 /* FirebaseAuth */,
				39CCAE122D40B0A0004D06E3 /* FirebaseCore */,
				39CCAE142D40B0A0004D06E3 /* FirebaseDatabase */,
				39CCAE162D40B0A0004D06E3 /* FirebaseFirestore */,
				39CCAE182D40B0A0004D06E3 /* FirebaseFirestoreCombine-Community */,
				39CCAE1A2D40B0A0004D06E3 /* FirebaseStorage */,
			);
			productName = Fit4Life;
			productReference = 3914B50E2CBF7304002F8ECC /* Fit4Life.app */;
			productType = "com.apple.product-type.application";
		};
/* End PBXNativeTarget section */

/* Begin PBXProject section */
		3914B5062CBF7303002F8ECC /* Project object */ = {
			isa = PBXProject;
			attributes = {
				BuildIndependentTargetsInParallel = 1;
				LastSwiftUpdateCheck = 1600;
				LastUpgradeCheck = 1620;
				TargetAttributes = {
					3914B50D2CBF7304002F8ECC = {
						CreatedOnToolsVersion = 16.0;
					};
				};
			};
			buildConfigurationList = 3914B5092CBF7303002F8ECC /* Build configuration list for PBXProject "Fit4Life" */;
			developmentRegion = en;
			hasScannedForEncodings = 0;
			knownRegions = (
				en,
				Base,
			);
			mainGroup = 3914B5052CBF7303002F8ECC;
			minimizedProjectReferenceProxies = 1;
			packageReferences = (
				39CCAE0F2D40B0A0004D06E3 /* XCRemoteSwiftPackageReference "firebase-ios-sdk" */,
			);
			preferredProjectObjectVersion = 77;
			productRefGroup = 3914B50F2CBF7304002F8ECC /* Products */;
			projectDirPath = "";
			projectReferences = (
				{
					ProductGroup = 393C79522D41F8C7001E79E3 /* Products */;
					ProjectRef = 39CCAE052D40AE9B004D06E3 /* Fit4Life.xcodeproj */;
				},
			);
			projectRoot = "";
			targets = (
				3914B50D2CBF7304002F8ECC /* Fit4Life */,
			);
		};
/* End PBXProject section */

/* Begin PBXResourcesBuildPhase section */
		3914B50C2CBF7304002F8ECC /* Resources */ = {
			isa = PBXResourcesBuildPhase;
			buildActionMask = 2147483647;
			files = (
			);
			runOnlyForDeploymentPostprocessing = 0;
		};
/* End PBXResourcesBuildPhase section */

/* Begin PBXSourcesBuildPhase section */
		3914B50A2CBF7304002F8ECC /* Sources */ = {
			isa = PBXSourcesBuildPhase;
			buildActionMask = 2147483647;
			files = (
			);
			runOnlyForDeploymentPostprocessing = 0;
		};
/* End PBXSourcesBuildPhase section */

/* Begin XCBuildConfiguration section */
		3914B51A2CBF7305002F8ECC /* Debug */ = {
			isa = XCBuildConfiguration;
			buildSettings = {
				ALWAYS_SEARCH_USER_PATHS = NO;
				ASSETCATALOG_COMPILER_GENERATE_SWIFT_ASSET_SYMBOL_EXTENSIONS = YES;
				CLANG_ANALYZER_NONNULL = YES;
				CLANG_ANALYZER_NUMBER_OBJECT_CONVERSION = YES_AGGRESSIVE;
				CLANG_CXX_LANGUAGE_STANDARD = "gnu++20";
				CLANG_ENABLE_MODULES = YES;
				CLANG_ENABLE_OBJC_ARC = YES;
				CLANG_ENABLE_OBJC_WEAK = YES;
				CLANG_WARN_BLOCK_CAPTURE_AUTORELEASING = YES;
				CLANG_WARN_BOOL_CONVERSION = YES;
				CLANG_WARN_COMMA = YES;
				CLANG_WARN_CONSTANT_CONVERSION = YES;
				CLANG_WARN_DEPRECATED_OBJC_IMPLEMENTATIONS = YES;
				CLANG_WARN_DIRECT_OBJC_ISA_USAGE = YES_ERROR;
				CLANG_WARN_DOCUMENTATION_COMMENTS = YES;
				CLANG_WARN_EMPTY_BODY = YES;
				CLANG_WARN_ENUM_CONVERSION = YES;
				CLANG_WARN_INFINITE_RECURSION = YES;
				CLANG_WARN_INT_CONVERSION = YES;
				CLANG_WARN_NON_LITERAL_NULL_CONVERSION = YES;
				CLANG_WARN_OBJC_IMPLICIT_RETAIN_SELF = YES;
				CLANG_WARN_OBJC_LITERAL_CONVERSION = YES;
				CLANG_WARN_OBJC_ROOT_CLASS = YES_ERROR;
				CLANG_WARN_QUOTED_INCLUDE_IN_FRAMEWORK_HEADER = YES;
				CLANG_WARN_RANGE_LOOP_ANALYSIS = YES;
				CLANG_WARN_STRICT_PROTOTYPES = YES;
				CLANG_WARN_SUSPICIOUS_MOVE = YES;
				CLANG_WARN_UNGUARDED_AVAILABILITY = YES_AGGRESSIVE;
				CLANG_WARN_UNREACHABLE_CODE = YES;
				CLANG_WARN__DUPLICATE_METHOD_MATCH = YES;
				COPY_PHASE_STRIP = NO;
				DEBUG_INFORMATION_FORMAT = dwarf;
				ENABLE_STRICT_OBJC_MSGSEND = YES;
				ENABLE_TESTABILITY = YES;
				ENABLE_USER_SCRIPT_SANDBOXING = YES;
				GCC_C_LANGUAGE_STANDARD = gnu17;
				GCC_DYNAMIC_NO_PIC = NO;
				GCC_NO_COMMON_BLOCKS = YES;
				GCC_OPTIMIZATION_LEVEL = 0;
				GCC_PREPROCESSOR_DEFINITIONS = (
					"DEBUG=1",
					"$(inherited)",
				);
				GCC_WARN_64_TO_32_BIT_CONVERSION = YES;
				GCC_WARN_ABOUT_RETURN_TYPE = YES_ERROR;
				GCC_WARN_UNDECLARED_SELECTOR = YES;
				GCC_WARN_UNINITIALIZED_AUTOS = YES_AGGRESSIVE;
				GCC_WARN_UNUSED_FUNCTION = YES;
				GCC_WARN_UNUSED_VARIABLE = YES;
				IPHONEOS_DEPLOYMENT_TARGET = 18.0;
				LOCALIZATION_PREFERS_STRING_CATALOGS = YES;
				MTL_ENABLE_DEBUG_INFO = INCLUDE_SOURCE;
				MTL_FAST_MATH = YES;
				ONLY_ACTIVE_ARCH = YES;
				SDKROOT = iphoneos;
				SWIFT_ACTIVE_COMPILATION_CONDITIONS = "DEBUG $(inherited)";
				SWIFT_OPTIMIZATION_LEVEL = "-Onone";
			};
			name = Debug;
		};
		3914B51B2CBF7305002F8ECC /* Release */ = {
			isa = XCBuildConfiguration;
			buildSettings = {
				ALWAYS_SEARCH_USER_PATHS = NO;
				ASSETCATALOG_COMPILER_GENERATE_SWIFT_ASSET_SYMBOL_EXTENSIONS = YES;
				CLANG_ANALYZER_NONNULL = YES;
				CLANG_ANALYZER_NUMBER_OBJECT_CONVERSION = YES_AGGRESSIVE;
				CLANG_CXX_LANGUAGE_STANDARD = "gnu++20";
				CLANG_ENABLE_MODULES = YES;
				CLANG_ENABLE_OBJC_ARC = YES;
				CLANG_ENABLE_OBJC_WEAK = YES;
				CLANG_WARN_BLOCK_CAPTURE_AUTORELEASING = YES;
				CLANG_WARN_BOOL_CONVERSION = YES;
				CLANG_WARN_COMMA = YES;
				CLANG_WARN_CONSTANT_CONVERSION = YES;
				CLANG_WARN_DEPRECATED_OBJC_IMPLEMENTATIONS = YES;
				CLANG_WARN_DIRECT_OBJC_ISA_USAGE = YES_ERROR;
				CLANG_WARN_DOCUMENTATION_COMMENTS = YES;
				CLANG_WARN_EMPTY_BODY = YES;
				CLANG_WARN_ENUM_CONVERSION = YES;
				CLANG_WARN_INFINITE_RECURSION = YES;
				CLANG_WARN_INT_CONVERSION = YES;
				CLANG_WARN_NON_LITERAL_NULL_CONVERSION = YES;
				CLANG_WARN_OBJC_IMPLICIT_RETAIN_SELF = YES;
				CLANG_WARN_OBJC_LITERAL_CONVERSION = YES;
				CLANG_WARN_OBJC_ROOT_CLASS = YES_ERROR;
				CLANG_WARN_QUOTED_INCLUDE_IN_FRAMEWORK_HEADER = YES;
				CLANG_WARN_RANGE_LOOP_ANALYSIS = YES;
				CLANG_WARN_STRICT_PROTOTYPES = YES;
				CLANG_WARN_SUSPICIOUS_MOVE = YES;
				CLANG_WARN_UNGUARDED_AVAILABILITY = YES_AGGRESSIVE;
				CLANG_WARN_UNREACHABLE_CODE = YES;
				CLANG_WARN__DUPLICATE_METHOD_MATCH = YES;
				COPY_PHASE_STRIP = NO;
				DEBUG_INFORMATION_FORMAT = "dwarf-with-dsym";
				ENABLE_NS_ASSERTIONS = NO;
				ENABLE_STRICT_OBJC_MSGSEND = YES;
				ENABLE_USER_SCRIPT_SANDBOXING = YES;
				GCC_C_LANGUAGE_STANDARD = gnu17;
				GCC_NO_COMMON_BLOCKS = YES;
				GCC_WARN_64_TO_32_BIT_CONVERSION = YES;
				GCC_WARN_ABOUT_RETURN_TYPE = YES_ERROR;
				GCC_WARN_UNDECLARED_SELECTOR = YES;
				GCC_WARN_UNINITIALIZED_AUTOS = YES_AGGRESSIVE;
				GCC_WARN_UNUSED_FUNCTION = YES;
				GCC_WARN_UNUSED_VARIABLE = YES;
				IPHONEOS_DEPLOYMENT_TARGET = 18.0;
				LOCALIZATION_PREFERS_STRING_CATALOGS = YES;
				MTL_ENABLE_DEBUG_INFO = NO;
				MTL_FAST_MATH = YES;
				SDKROOT = iphoneos;
				SWIFT_COMPILATION_MODE = wholemodule;
				VALIDATE_PRODUCT = YES;
			};
			name = Release;
		};
		3914B51D2CBF7305002F8ECC /* Debug */ = {
			isa = XCBuildConfiguration;
			buildSettings = {
				ASSETCATALOG_COMPILER_APPICON_NAME = AppIcon;
				ASSETCATALOG_COMPILER_GLOBAL_ACCENT_COLOR_NAME = AccentColor;
				CODE_SIGN_STYLE = Automatic;
				CURRENT_PROJECT_VERSION = 1;
				DEVELOPMENT_ASSET_PATHS = "\"Fit4Life/Preview Content\"";
				DEVELOPMENT_TEAM = 54SJL2A95S;
				ENABLE_PREVIEWS = YES;
				GENERATE_INFOPLIST_FILE = YES;
				INFOPLIST_KEY_UIApplicationSceneManifest_Generation = YES;
				INFOPLIST_KEY_UIApplicationSupportsIndirectInputEvents = YES;
				INFOPLIST_KEY_UILaunchScreen_Generation = YES;
				INFOPLIST_KEY_UISupportedInterfaceOrientations_iPad = "UIInterfaceOrientationPortrait UIInterfaceOrientationPortraitUpsideDown UIInterfaceOrientationLandscapeLeft UIInterfaceOrientationLandscapeRight";
				INFOPLIST_KEY_UISupportedInterfaceOrientations_iPhone = "UIInterfaceOrientationPortrait UIInterfaceOrientationLandscapeLeft UIInterfaceOrientationLandscapeRight";
				LD_RUNPATH_SEARCH_PATHS = (
					"$(inherited)",
					"@executable_path/Frameworks",
				);
				MARKETING_VERSION = 1.0;
				PRODUCT_BUNDLE_IDENTIFIER = BYU.Fit4Life;
				PRODUCT_NAME = "$(TARGET_NAME)";
				SWIFT_EMIT_LOC_STRINGS = YES;
				SWIFT_VERSION = 5.0;
				TARGETED_DEVICE_FAMILY = "1,2";
			};
			name = Debug;
		};
		3914B51E2CBF7305002F8ECC /* Release */ = {
			isa = XCBuildConfiguration;
			buildSettings = {
				ASSETCATALOG_COMPILER_APPICON_NAME = AppIcon;
				ASSETCATALOG_COMPILER_GLOBAL_ACCENT_COLOR_NAME = AccentColor;
				CODE_SIGN_STYLE = Automatic;
				CURRENT_PROJECT_VERSION = 1;
				DEVELOPMENT_ASSET_PATHS = "\"Fit4Life/Preview Content\"";
				DEVELOPMENT_TEAM = 54SJL2A95S;
				ENABLE_PREVIEWS = YES;
				GENERATE_INFOPLIST_FILE = YES;
				INFOPLIST_KEY_UIApplicationSceneManifest_Generation = YES;
				INFOPLIST_KEY_UIApplicationSupportsIndirectInputEvents = YES;
				INFOPLIST_KEY_UILaunchScreen_Generation = YES;
				INFOPLIST_KEY_UISupportedInterfaceOrientations_iPad = "UIInterfaceOrientationPortrait UIInterfaceOrientationPortraitUpsideDown UIInterfaceOrientationLandscapeLeft UIInterfaceOrientationLandscapeRight";
				INFOPLIST_KEY_UISupportedInterfaceOrientations_iPhone = "UIInterfaceOrientationPortrait UIInterfaceOrientationLandscapeLeft UIInterfaceOrientationLandscapeRight";
				LD_RUNPATH_SEARCH_PATHS = (
					"$(inherited)",
					"@executable_path/Frameworks",
				);
				MARKETING_VERSION = 1.0;
				PRODUCT_BUNDLE_IDENTIFIER = BYU.Fit4Life;
				PRODUCT_NAME = "$(TARGET_NAME)";
				SWIFT_EMIT_LOC_STRINGS = YES;
				SWIFT_VERSION = 5.0;
				TARGETED_DEVICE_FAMILY = "1,2";
			};
			name = Release;
		};
/* End XCBuildConfiguration section */

/* Begin XCConfigurationList section */
		3914B5092CBF7303002F8ECC /* Build configuration list for PBXProject "Fit4Life" */ = {
			isa = XCConfigurationList;
			buildConfigurations = (
				3914B51A2CBF7305002F8ECC /* Debug */,
				3914B51B2CBF7305002F8ECC /* Release */,
			);
			defaultConfigurationIsVisible = 0;
			defaultConfigurationName = Release;
		};
		3914B51C2CBF7305002F8ECC /* Build configuration list for PBXNativeTarget "Fit4Life" */ = {
			isa = XCConfigurationList;
			buildConfigurations = (
				3914B51D2CBF7305002F8ECC /* Debug */,
				3914B51E2CBF7305002F8ECC /* Release */,
			);
			defaultConfigurationIsVisible = 0;
			defaultConfigurationName = Release;
		};
/* End XCConfigurationList section */

/* Begin XCRemoteSwiftPackageReference section */
		39CCAE0F2D40B0A0004D06E3 /* XCRemoteSwiftPackageReference "firebase-ios-sdk" */ = {
			isa = XCRemoteSwiftPackageReference;
			repositoryURL = "https://github.com/firebase/firebase-ios-sdk";
			requirement = {
				kind = upToNextMajorVersion;
				minimumVersion = 11.7.0;
			};
		};
/* End XCRemoteSwiftPackageReference section */

/* Begin XCSwiftPackageProductDependency section */
		39CCAE102D40B0A0004D06E3 /* FirebaseAuth */ = {
			isa = XCSwiftPackageProductDependency;
			package = 39CCAE0F2D40B0A0004D06E3 /* XCRemoteSwiftPackageReference "firebase-ios-sdk" */;
			productName = FirebaseAuth;
		};
		39CCAE122D40B0A0004D06E3 /* FirebaseCore */ = {
			isa = XCSwiftPackageProductDependency;
			package = 39CCAE0F2D40B0A0004D06E3 /* XCRemoteSwiftPackageReference "firebase-ios-sdk" */;
			productName = FirebaseCore;
		};
		39CCAE142D40B0A0004D06E3 /* FirebaseDatabase */ = {
			isa = XCSwiftPackageProductDependency;
			package = 39CCAE0F2D40B0A0004D06E3 /* XCRemoteSwiftPackageReference "firebase-ios-sdk" */;
			productName = FirebaseDatabase;
		};
		39CCAE162D40B0A0004D06E3 /* FirebaseFirestore */ = {
			isa = XCSwiftPackageProductDependency;
			package = 39CCAE0F2D40B0A0004D06E3 /* XCRemoteSwiftPackageReference "firebase-ios-sdk" */;
			productName = FirebaseFirestore;
		};
		39CCAE182D40B0A0004D06E3 /* FirebaseFirestoreCombine-Community */ = {
			isa = XCSwiftPackageProductDependency;
			package = 39CCAE0F2D40B0A0004D06E3 /* XCRemoteSwiftPackageReference "firebase-ios-sdk" */;
			productName = "FirebaseFirestoreCombine-Community";
		};
		39CCAE1A2D40B0A0004D06E3 /* FirebaseStorage */ = {
			isa = XCSwiftPackageProductDependency;
			package = 39CCAE0F2D40B0A0004D06E3 /* XCRemoteSwiftPackageReference "firebase-ios-sdk" */;
			productName = FirebaseStorage;
		};
/* End XCSwiftPackageProductDependency section */
	};
	rootObject = 3914B5062CBF7303002F8ECC /* Project object */;
}
